
Microsoft Visual Studio Solution File, Format Version 12.00
# Visual Studio Version 16
VisualStudioVersion = 16.0.29409.12
MinimumVisualStudioVersion = 10.0.40219.1
Project("{9A19103F-16F7-4668-BE54-9A1E7A4F7556}") = "dynamodb-lock-client", "amazon-dynamodb-lock-client\dynamodb-lock-client.csproj", "{82A67B7A-6F80-4859-B566-FE9E3E517908}"
EndProject
Project("{9A19103F-16F7-4668-BE54-9A1E7A4F7556}") = "dynamodb-lock-client.tests", "amazon-dynamodb-lock-client.tests\dynamodb-lock-client.tests.csproj", "{7140B2A2-9EC9-43F9-A64F-70FE2693607C}"
EndProject
Project("{2150E333-8FDC-42A3-9474-1A3956D46DE8}") = "Solution Items", "Solution Items", "{8C9CF0D3-A542-441D-B498-20E38B7A5CF9}"
	ProjectSection(SolutionItems) = preProject
		README.md = README.md
	EndProjectSection
EndProject
Global
	GlobalSection(SolutionConfigurationPlatforms) = preSolution
		Debug|Any CPU = Debug|Any CPU
		Release|Any CPU = Release|Any CPU
	EndGlobalSection
	GlobalSection(ProjectConfigurationPlatforms) = postSolution
		{82A67B7A-6F80-4859-B566-FE9E3E517908}.Debug|Any CPU.ActiveCfg = Debug|Any CPU
		{82A67B7A-6F80-4859-B566-FE9E3E517908}.Debug|Any CPU.Build.0 = Debug|Any CPU
		{82A67B7A-6F80-4859-B566-FE9E3E517908}.Release|Any CPU.ActiveCfg = Release|Any CPU
		{82A67B7A-6F80-4859-B566-FE9E3E517908}.Release|Any CPU.Build.0 = Release|Any CPU
		{7140B2A2-9EC9-43F9-A64F-70FE2693607C}.Debug|Any CPU.ActiveCfg = Debug|Any CPU
		{7140B2A2-9EC9-43F9-A64F-70FE2693607C}.Debug|Any CPU.Build.0 = Debug|Any CPU
		{7140B2A2-9EC9-43F9-A64F-70FE2693607C}.Release|Any CPU.ActiveCfg = Release|Any CPU
		{7140B2A2-9EC9-43F9-A64F-70FE2693607C}.Release|Any CPU.Build.0 = Release|Any CPU
	EndGlobalSection
	GlobalSection(SolutionProperties) = preSolution
		HideSolutionNode = FALSE
	EndGlobalSection
	GlobalSection(ExtensibilityGlobals) = postSolution
		SolutionGuid = {22C2CBA1-C4F1-4AD5-83FC-360D544E656F}
	EndGlobalSection
EndGlobal
