
Microsoft Visual Studio Solution File, Format Version 12.00
# Visual Studio 15
VisualStudioVersion = 15.0.27703.2018
MinimumVisualStudioVersion = 10.0.40219.1
Project("{FAE04EC0-301F-11D3-BF4B-00C04F79EFBC}") = "AWSDynamoDBLockClient", "AWSDynamoDBLockClient\AWSDynamoDBLockClient.csproj", "{82A67B7A-6F80-4859-B566-FE9E3E517908}"
EndProject
Project("{FAE04EC0-301F-11D3-BF4B-00C04F79EFBC}") = "AWSDynamoDBLockClient.Tests", "AWSDynamoDBLockClient.Tests\AWSDynamoDBLockClient.Tests.csproj", "{7140B2A2-9EC9-43F9-A64F-70FE2693607C}"
EndProject
Global
	GlobalSection(SolutionConfigurationPlatforms) = preSolution
		Debug|Any CPU = Debug|Any CPU
		Release|Any CPU = Release|Any CPU
	EndGlobalSection
	GlobalSection(ProjectConfigurationPlatforms) = postSolution
		{82A67B7A-6F80-4859-B566-FE9E3E517908}.Debug|Any CPU.ActiveCfg = Debug|Any CPU
		{82A67B7A-6F80-4859-B566-FE9E3E517908}.Debug|Any CPU.Build.0 = Debug|Any CPU
		{82A67B7A-6F80-4859-B566-FE9E3E517908}.Release|Any CPU.ActiveCfg = Release|Any CPU
		{82A67B7A-6F80-4859-B566-FE9E3E517908}.Release|Any CPU.Build.0 = Release|Any CPU
		{7140B2A2-9EC9-43F9-A64F-70FE2693607C}.Debug|Any CPU.ActiveCfg = Debug|Any CPU
		{7140B2A2-9EC9-43F9-A64F-70FE2693607C}.Debug|Any CPU.Build.0 = Debug|Any CPU
		{7140B2A2-9EC9-43F9-A64F-70FE2693607C}.Release|Any CPU.ActiveCfg = Release|Any CPU
		{7140B2A2-9EC9-43F9-A64F-70FE2693607C}.Release|Any CPU.Build.0 = Release|Any CPU
	EndGlobalSection
	GlobalSection(SolutionProperties) = preSolution
		HideSolutionNode = FALSE
	EndGlobalSection
	GlobalSection(ExtensibilityGlobals) = postSolution
		SolutionGuid = {22C2CBA1-C4F1-4AD5-83FC-360D544E656F}
	EndGlobalSection
EndGlobal
